PODS:
  - BlocksKit (2.2.5):
    - BlocksKit/All (= 2.2.5)
  - BlocksKit/All (2.2.5):
    - BlocksKit/Core
    - BlocksKit/DynamicDelegate
    - BlocksKit/MessageUI
    - BlocksKit/UIKit
  - BlocksKit/Core (2.2.5)
  - BlocksKit/DynamicDelegate (2.2.5)
  - BlocksKit/MessageUI (2.2.5):
    - BlocksKit/Core
    - BlocksKit/DynamicDelegate
  - BlocksKit/UIKit (2.2.5):
    - BlocksKit/Core
    - BlocksKit/DynamicDelegate
  - Crashlytics (3.3.4)
  - Fabric (1.5.5):
    - Fabric/Base (= 1.5.5)
  - Fabric/Base (1.5.5)
  - Masonry (0.5.3)
  - MBProgressHUD (0.8)
  - RPVerticalStepper (0.0.1)
  - uservoice-iphone-sdk (3.1.0)

DEPENDENCIES:
  - BlocksKit
  - Crashlytics
  - Fabric
  - Masonry
  - MBProgressHUD
  - RPVerticalStepper (~> 0.0.1)
  - uservoice-iphone-sdk

SPEC CHECKSUMS:
  BlocksKit: 7f422b971407001178d181a43b99014ea2591fe6
  Crashlytics: 41c082440d2e14da444186fff65e79c0b4b35d4c
  Fabric: 190bf1a6eb65f7500de1347d027d2e59a7e53db1
  Masonry: 9f515466afe48632562342a40a1c224071a1a022
  MBProgressHUD: 8688c331cb64702283be37ab8d7d329cdd25f251
  RPVerticalStepper: 3ac24353afc946fd5d7f01b79f1a32198332d121
  uservoice-iphone-sdk: 67484c4eb47a37237fa1d552532fdad96b0142ea

COCOAPODS: 0.39.0
